
Microsoft Visual Studio Solution File, Format Version 12.00
# Visual Studio Version 17
VisualStudioVersion = 17.10.35013.160
MinimumVisualStudioVersion = 10.0.40219.1
Project("{FAE04EC0-301F-11D3-BF4B-00C04F79EFBC}") = "WindowsFormsApp1", "WindowsFormsApp1.csproj", "{94CB2512-7FFC-4BB6-B41A-B8F500BFDC6F}"
EndProject
Global
	GlobalSection(SolutionConfigurationPlatforms) = preSolution
		Debug|Any CPU = Debug|Any CPU
		Release|Any CPU = Release|Any CPU
	EndGlobalSection
	GlobalSection(ProjectConfigurationPlatforms) = postSolution
		{94CB2512-7FFC-4BB6-B41A-B8F500BFDC6F}.Debug|Any CPU.ActiveCfg = Debug|Any CPU
		{94CB2512-7FFC-4BB6-B41A-B8F500BFDC6F}.Debug|Any CPU.Build.0 = Debug|Any CPU
		{94CB2512-7FFC-4BB6-B41A-B8F500BFDC6F}.Release|Any CPU.ActiveCfg = Release|Any CPU
		{94CB2512-7FFC-4BB6-B41A-B8F500BFDC6F}.Release|Any CPU.Build.0 = Release|Any CPU
	EndGlobalSection
	GlobalSection(SolutionProperties) = preSolution
		HideSolutionNode = FALSE
	EndGlobalSection
	GlobalSection(ExtensibilityGlobals) = postSolution
		SolutionGuid = {64CAA40B-46A3-48E1-8A78-95C4B9AC0828}
	EndGlobalSection
EndGlobal
